// !$*UTF8*$!
{
	archiveVersion = 1;
	classes = {
	};
	objectVersion = 46;
	objects = {

/* Begin PBXBuildFile section */
		49345C23170F7E3E0033D491 /* UIKit.framework in Frameworks */ = {isa = PBXBuildFile; fileRef = 49345C22170F7E3E0033D491 /* UIKit.framework */; };
		49345C25170F7E3E0033D491 /* Foundation.framework in Frameworks */ = {isa = PBXBuildFile; fileRef = 49345C24170F7E3E0033D491 /* Foundation.framework */; };
		49345C27170F7E3E0033D491 /* CoreGraphics.framework in Frameworks */ = {isa = PBXBuildFile; fileRef = 49345C26170F7E3E0033D491 /* CoreGraphics.framework */; };
		49345C2D170F7E3E0033D491 /* InfoPlist.strings in Resources */ = {isa = PBXBuildFile; fileRef = 49345C2B170F7E3E0033D491 /* InfoPlist.strings */; };
		49345C2F170F7E3E0033D491 /* main.m in Sources */ = {isa = PBXBuildFile; fileRef = 49345C2E170F7E3E0033D491 /* main.m */; };
		49345C33170F7E3E0033D491 /* AppDelegate.m in Sources */ = {isa = PBXBuildFile; fileRef = 49345C32170F7E3E0033D491 /* AppDelegate.m */; };
		49345C35170F7E3E0033D491 /* Default.png in Resources */ = {isa = PBXBuildFile; fileRef = 49345C34170F7E3E0033D491 /* Default.png */; };
		49345C37170F7E3E0033D491 /* Default@2x.png in Resources */ = {isa = PBXBuildFile; fileRef = 49345C36170F7E3E0033D491 /* Default@2x.png */; };
		49345C39170F7E3E0033D491 /* Default-568h@2x.png in Resources */ = {isa = PBXBuildFile; fileRef = 49345C38170F7E3E0033D491 /* Default-568h@2x.png */; };
		49345C40170F7EBE0033D491 /* MainStoryboard_iPad.storyboard in Resources */ = {isa = PBXBuildFile; fileRef = 49345C3F170F7EBE0033D491 /* MainStoryboard_iPad.storyboard */; };
		49345C43170F83890033D491 /* LeftViewController.m in Sources */ = {isa = PBXBuildFile; fileRef = 49345C42170F83890033D491 /* LeftViewController.m */; };
		49345C46170F83FB0033D491 /* RightViewController.m in Sources */ = {isa = PBXBuildFile; fileRef = 49345C45170F83FB0033D491 /* RightViewController.m */; };
		49345C49170F84E60033D491 /* Monster.m in Sources */ = {isa = PBXBuildFile; fileRef = 49345C48170F84E60033D491 /* Monster.m */; };
		49345C57170F85E30033D491 /* blowgun.png in Resources */ = {isa = PBXBuildFile; fileRef = 49345C4B170F85E30033D491 /* blowgun.png */; };
		49345C58170F85E30033D491 /* fire.png in Resources */ = {isa = PBXBuildFile; fileRef = 49345C4C170F85E30033D491 /* fire.png */; };
		49345C59170F85E30033D491 /* LICENSE.txt in Resources */ = {isa = PBXBuildFile; fileRef = 49345C4D170F85E30033D491 /* LICENSE.txt */; };
		49345C5A170F85E30033D491 /* meetcatbot.png in Resources */ = {isa = PBXBuildFile; fileRef = 49345C4E170F85E30033D491 /* meetcatbot.png */; };
		49345C5B170F85E30033D491 /* meetdogbot.png in Resources */ = {isa = PBXBuildFile; fileRef = 49345C4F170F85E30033D491 /* meetdogbot.png */; };
		49345C5C170F85E30033D491 /* meetexplodebot.png in Resources */ = {isa = PBXBuildFile; fileRef = 49345C50170F85E30033D491 /* meetexplodebot.png */; };
		49345C5D170F85E30033D491 /* meetfirebot.png in Resources */ = {isa = PBXBuildFile; fileRef = 49345C51170F85E30033D491 /* meetfirebot.png */; };
		49345C5E170F85E30033D491 /* meeticebot.png in Resources */ = {isa = PBXBuildFile; fileRef = 49345C52170F85E30033D491 /* meeticebot.png */; };
		49345C5F170F85E30033D491 /* meetminitomatobot.png in Resources */ = {isa = PBXBuildFile; fileRef = 49345C53170F85E30033D491 /* meetminitomatobot.png */; };
		49345C60170F85E30033D491 /* ninjastar.png in Resources */ = {isa = PBXBuildFile; fileRef = 49345C54170F85E30033D491 /* ninjastar.png */; };
		49345C61170F85E30033D491 /* smoke.png in Resources */ = {isa = PBXBuildFile; fileRef = 49345C55170F85E30033D491 /* smoke.png */; };
		49345C62170F85E30033D491 /* sword.png in Resources */ = {isa = PBXBuildFile; fileRef = 49345C56170F85E30033D491 /* sword.png */; };
		49345C65170F927D0033D491 /* MonsterSelectionDelegate.m in Sources */ = {isa = PBXBuildFile; fileRef = 49345C64170F927D0033D491 /* MonsterSelectionDelegate.m */; };
		49FDB37717118F6600861F1F /* ColorPickerViewController.m in Sources */ = {isa = PBXBuildFile; fileRef = 49FDB37617118F6600861F1F /* ColorPickerViewController.m */; };
/* End PBXBuildFile section */

/* Begin PBXFileReference section */
		49345C1F170F7E3E0033D491 /* MathMonstersDC.app */ = {isa = PBXFileReference; explicitFileType = wrapper.application; includeInIndex = 0; path = MathMonstersDC.app; sourceTree = BUILT_PRODUCTS_DIR; };
		49345C22170F7E3E0033D491 /* UIKit.framework */ = {isa = PBXFileReference; lastKnownFileType = wrapper.framework; name = UIKit.framework; path = System/Library/Frameworks/UIKit.framework; sourceTree = SDKROOT; };
		49345C24170F7E3E0033D491 /* Foundation.framework */ = {isa = PBXFileReference; lastKnownFileType = wrapper.framework; name = Foundation.framework; path = System/Library/Frameworks/Foundation.framework; sourceTree = SDKROOT; };
		49345C26170F7E3E0033D491 /* CoreGraphics.framework */ = {isa = PBXFileReference; lastKnownFileType = wrapper.framework; name = CoreGraphics.framework; path = System/Library/Frameworks/CoreGraphics.framework; sourceTree = SDKROOT; };
		49345C2A170F7E3E0033D491 /* MathMonstersDC-Info.plist */ = {isa = PBXFileReference; lastKnownFileType = text.plist.xml; path = "MathMonstersDC-Info.plist"; sourceTree = "<group>"; };
		49345C2C170F7E3E0033D491 /* en */ = {isa = PBXFileReference; lastKnownFileType = text.plist.strings; name = en; path = en.lproj/InfoPlist.strings; sourceTree = "<group>"; };
		49345C2E170F7E3E0033D491 /* main.m */ = {isa = PBXFileReference; lastKnownFileType = sourcecode.c.objc; path = main.m; sourceTree = "<group>"; };
		49345C30170F7E3E0033D491 /* MathMonstersDC-Prefix.pch */ = {isa = PBXFileReference; lastKnownFileType = sourcecode.c.h; path = "MathMonstersDC-Prefix.pch"; sourceTree = "<group>"; };
		49345C31170F7E3E0033D491 /* AppDelegate.h */ = {isa = PBXFileReference; lastKnownFileType = sourcecode.c.h; path = AppDelegate.h; sourceTree = "<group>"; };
		49345C32170F7E3E0033D491 /* AppDelegate.m */ = {isa = PBXFileReference; lastKnownFileType = sourcecode.c.objc; path = AppDelegate.m; sourceTree = "<group>"; };
		49345C34170F7E3E0033D491 /* Default.png */ = {isa = PBXFileReference; lastKnownFileType = image.png; path = Default.png; sourceTree = "<group>"; };
		49345C36170F7E3E0033D491 /* Default@2x.png */ = {isa = PBXFileReference; lastKnownFileType = image.png; path = "Default@2x.png"; sourceTree = "<group>"; };
		49345C38170F7E3E0033D491 /* Default-568h@2x.png */ = {isa = PBXFileReference; lastKnownFileType = image.png; path = "Default-568h@2x.png"; sourceTree = "<group>"; };
		49345C3F170F7EBE0033D491 /* MainStoryboard_iPad.storyboard */ = {isa = PBXFileReference; fileEncoding = 4; lastKnownFileType = file.storyboard; path = MainStoryboard_iPad.storyboard; sourceTree = "<group>"; };
		49345C41170F83890033D491 /* LeftViewController.h */ = {isa = PBXFileReference; fileEncoding = 4; lastKnownFileType = sourcecode.c.h; path = LeftViewController.h; sourceTree = "<group>"; };
		49345C42170F83890033D491 /* LeftViewController.m */ = {isa = PBXFileReference; fileEncoding = 4; lastKnownFileType = sourcecode.c.objc; path = LeftViewController.m; sourceTree = "<group>"; };
		49345C44170F83FB0033D491 /* RightViewController.h */ = {isa = PBXFileReference; fileEncoding = 4; lastKnownFileType = sourcecode.c.h; path = RightViewController.h; sourceTree = "<group>"; };
		49345C45170F83FB0033D491 /* RightViewController.m */ = {isa = PBXFileReference; fileEncoding = 4; lastKnownFileType = sourcecode.c.objc; path = RightViewController.m; sourceTree = "<group>"; };
		49345C47170F84E60033D491 /* Monster.h */ = {isa = PBXFileReference; fileEncoding = 4; lastKnownFileType = sourcecode.c.h; path = Monster.h; sourceTree = "<group>"; };
		49345C48170F84E60033D491 /* Monster.m */ = {isa = PBXFileReference; fileEncoding = 4; lastKnownFileType = sourcecode.c.objc; path = Monster.m; sourceTree = "<group>"; };
		49345C4B170F85E30033D491 /* blowgun.png */ = {isa = PBXFileReference; lastKnownFileType = image.png; path = blowgun.png; sourceTree = "<group>"; };
		49345C4C170F85E30033D491 /* fire.png */ = {isa = PBXFileReference; lastKnownFileType = image.png; path = fire.png; sourceTree = "<group>"; };
		49345C4D170F85E30033D491 /* LICENSE.txt */ = {isa = PBXFileReference; fileEncoding = 4; lastKnownFileType = text; path = LICENSE.txt; sourceTree = "<group>"; };
		49345C4E170F85E30033D491 /* meetcatbot.png */ = {isa = PBXFileReference; lastKnownFileType = image.png; path = meetcatbot.png; sourceTree = "<group>"; };
		49345C4F170F85E30033D491 /* meetdogbot.png */ = {isa = PBXFileReference; lastKnownFileType = image.png; path = meetdogbot.png; sourceTree = "<group>"; };
		49345C50170F85E30033D491 /* meetexplodebot.png */ = {isa = PBXFileReference; lastKnownFileType = image.png; path = meetexplodebot.png; sourceTree = "<group>"; };
		49345C51170F85E30033D491 /* meetfirebot.png */ = {isa = PBXFileReference; lastKnownFileType = image.png; path = meetfirebot.png; sourceTree = "<group>"; };
		49345C52170F85E30033D491 /* meeticebot.png */ = {isa = PBXFileReference; lastKnownFileType = image.png; path = meeticebot.png; sourceTree = "<group>"; };
		49345C53170F85E30033D491 /* meetminitomatobot.png */ = {isa = PBXFileReference; lastKnownFileType = image.png; path = meetminitomatobot.png; sourceTree = "<group>"; };
		49345C54170F85E30033D491 /* ninjastar.png */ = {isa = PBXFileReference; lastKnownFileType = image.png; path = ninjastar.png; sourceTree = "<group>"; };
		49345C55170F85E30033D491 /* smoke.png */ = {isa = PBXFileReference; lastKnownFileType = image.png; path = smoke.png; sourceTree = "<group>"; };
		49345C56170F85E30033D491 /* sword.png */ = {isa = PBXFileReference; lastKnownFileType = image.png; path = sword.png; sourceTree = "<group>"; };
		49345C63170F927D0033D491 /* MonsterSelectionDelegate.h */ = {isa = PBXFileReference; fileEncoding = 4; lastKnownFileType = sourcecode.c.h; path = MonsterSelectionDelegate.h; sourceTree = "<group>"; };
		49345C64170F927D0033D491 /* MonsterSelectionDelegate.m */ = {isa = PBXFileReference; fileEncoding = 4; lastKnownFileType = sourcecode.c.objc; path = MonsterSelectionDelegate.m; sourceTree = "<group>"; };
		49FDB37517118F6600861F1F /* ColorPickerViewController.h */ = {isa = PBXFileReference; fileEncoding = 4; lastKnownFileType = sourcecode.c.h; path = ColorPickerViewController.h; sourceTree = "<group>"; };
		49FDB37617118F6600861F1F /* ColorPickerViewController.m */ = {isa = PBXFileReference; fileEncoding = 4; lastKnownFileType = sourcecode.c.objc; path = ColorPickerViewController.m; sourceTree = "<group>"; };
/* End PBXFileReference section */

/* Begin PBXFrameworksBuildPhase section */
		49345C1C170F7E3E0033D491 /* Frameworks */ = {
			isa = PBXFrameworksBuildPhase;
			buildActionMask = 2147483647;
			files = (
				49345C23170F7E3E0033D491 /* UIKit.framework in Frameworks */,
				49345C25170F7E3E0033D491 /* Foundation.framework in Frameworks */,
				49345C27170F7E3E0033D491 /* CoreGraphics.framework in Frameworks */,
			);
			runOnlyForDeploymentPostprocessing = 0;
		};
/* End PBXFrameworksBuildPhase section */

/* Begin PBXGroup section */
		49345C16170F7E3E0033D491 = {
			isa = PBXGroup;
			children = (
				49345C28170F7E3E0033D491 /* MathMonstersDC */,
				49345C21170F7E3E0033D491 /* Frameworks */,
				49345C20170F7E3E0033D491 /* Products */,
			);
			sourceTree = "<group>";
		};
		49345C20170F7E3E0033D491 /* Products */ = {
			isa = PBXGroup;
			children = (
				49345C1F170F7E3E0033D491 /* MathMonstersDC.app */,
			);
			name = Products;
			sourceTree = "<group>";
		};
		49345C21170F7E3E0033D491 /* Frameworks */ = {
			isa = PBXGroup;
			children = (
				49345C22170F7E3E0033D491 /* UIKit.framework */,
				49345C24170F7E3E0033D491 /* Foundation.framework */,
				49345C26170F7E3E0033D491 /* CoreGraphics.framework */,
			);
			name = Frameworks;
			sourceTree = "<group>";
		};
		49345C28170F7E3E0033D491 /* MathMonstersDC */ = {
			isa = PBXGroup;
			children = (
				49345C31170F7E3E0033D491 /* AppDelegate.h */,
				49345C32170F7E3E0033D491 /* AppDelegate.m */,
				49345C63170F927D0033D491 /* MonsterSelectionDelegate.h */,
				49345C64170F927D0033D491 /* MonsterSelectionDelegate.m */,
				49345C41170F83890033D491 /* LeftViewController.h */,
				49345C42170F83890033D491 /* LeftViewController.m */,
				49FDB37517118F6600861F1F /* ColorPickerViewController.h */,
				49FDB37617118F6600861F1F /* ColorPickerViewController.m */,
				49345C3F170F7EBE0033D491 /* MainStoryboard_iPad.storyboard */,
				49345C47170F84E60033D491 /* Monster.h */,
				49345C48170F84E60033D491 /* Monster.m */,
				49345C44170F83FB0033D491 /* RightViewController.h */,
				49345C45170F83FB0033D491 /* RightViewController.m */,
				49345C29170F7E3E0033D491 /* Supporting Files */,
			);
			path = MathMonstersDC;
			sourceTree = "<group>";
		};
		49345C29170F7E3E0033D491 /* Supporting Files */ = {
			isa = PBXGroup;
			children = (
				49345C4A170F85E30033D491 /* MonsterArt */,
				49345C2A170F7E3E0033D491 /* MathMonstersDC-Info.plist */,
				49345C2B170F7E3E0033D491 /* InfoPlist.strings */,
				49345C2E170F7E3E0033D491 /* main.m */,
				49345C30170F7E3E0033D491 /* MathMonstersDC-Prefix.pch */,
				49345C34170F7E3E0033D491 /* Default.png */,
				49345C36170F7E3E0033D491 /* Default@2x.png */,
				49345C38170F7E3E0033D491 /* Default-568h@2x.png */,
			);
			name = "Supporting Files";
			sourceTree = "<group>";
		};
		49345C4A170F85E30033D491 /* MonsterArt */ = {
			isa = PBXGroup;
			children = (
				49345C4B170F85E30033D491 /* blowgun.png */,
				49345C4C170F85E30033D491 /* fire.png */,
				49345C4D170F85E30033D491 /* LICENSE.txt */,
				49345C4E170F85E30033D491 /* meetcatbot.png */,
				49345C4F170F85E30033D491 /* meetdogbot.png */,
				49345C50170F85E30033D491 /* meetexplodebot.png */,
				49345C51170F85E30033D491 /* meetfirebot.png */,
				49345C52170F85E30033D491 /* meeticebot.png */,
				49345C53170F85E30033D491 /* meetminitomatobot.png */,
				49345C54170F85E30033D491 /* ninjastar.png */,
				49345C55170F85E30033D491 /* smoke.png */,
				49345C56170F85E30033D491 /* sword.png */,
			);
			path = MonsterArt;
			sourceTree = "<group>";
		};
/* End PBXGroup section */

/* Begin PBXNativeTarget section */
		49345C1E170F7E3E0033D491 /* MathMonstersDC */ = {
			isa = PBXNativeTarget;
			buildConfigurationList = 49345C3C170F7E3E0033D491 /* Build configuration list for PBXNativeTarget "MathMonstersDC" */;
			buildPhases = (
				49345C1B170F7E3E0033D491 /* Sources */,
				49345C1C170F7E3E0033D491 /* Frameworks */,
				49345C1D170F7E3E0033D491 /* Resources */,
			);
			buildRules = (
			);
			dependencies = (
			);
			name = MathMonstersDC;
			productName = MathMonstersDC;
			productReference = 49345C1F170F7E3E0033D491 /* MathMonstersDC.app */;
			productType = "com.apple.product-type.application";
		};
/* End PBXNativeTarget section */

/* Begin PBXProject section */
		49345C17170F7E3E0033D491 /* Project object */ = {
			isa = PBXProject;
			attributes = {
				LastUpgradeCheck = 0460;
				ORGANIZATIONNAME = dcdevstudios;
			};
			buildConfigurationList = 49345C1A170F7E3E0033D491 /* Build configuration list for PBXProject "MathMonstersDC" */;
			compatibilityVersion = "Xcode 3.2";
			developmentRegion = English;
			hasScannedForEncodings = 0;
			knownRegions = (
				en,
			);
			mainGroup = 49345C16170F7E3E0033D491;
			productRefGroup = 49345C20170F7E3E0033D491 /* Products */;
			projectDirPath = "";
			projectRoot = "";
			targets = (
				49345C1E170F7E3E0033D491 /* MathMonstersDC */,
			);
		};
/* End PBXProject section */

/* Begin PBXResourcesBuildPhase section */
		49345C1D170F7E3E0033D491 /* Resources */ = {
			isa = PBXResourcesBuildPhase;
			buildActionMask = 2147483647;
			files = (
				49345C2D170F7E3E0033D491 /* InfoPlist.strings in Resources */,
				49345C35170F7E3E0033D491 /* Default.png in Resources */,
				49345C37170F7E3E0033D491 /* Default@2x.png in Resources */,
				49345C39170F7E3E0033D491 /* Default-568h@2x.png in Resources */,
				49345C40170F7EBE0033D491 /* MainStoryboard_iPad.storyboard in Resources */,
				49345C57170F85E30033D491 /* blowgun.png in Resources */,
				49345C58170F85E30033D491 /* fire.png in Resources */,
				49345C59170F85E30033D491 /* LICENSE.txt in Resources */,
				49345C5A170F85E30033D491 /* meetcatbot.png in Resources */,
				49345C5B170F85E30033D491 /* meetdogbot.png in Resources */,
				49345C5C170F85E30033D491 /* meetexplodebot.png in Resources */,
				49345C5D170F85E30033D491 /* meetfirebot.png in Resources */,
				49345C5E170F85E30033D491 /* meeticebot.png in Resources */,
				49345C5F170F85E30033D491 /* meetminitomatobot.png in Resources */,
				49345C60170F85E30033D491 /* ninjastar.png in Resources */,
				49345C61170F85E30033D491 /* smoke.png in Resources */,
				49345C62170F85E30033D491 /* sword.png in Resources */,
			);
			runOnlyForDeploymentPostprocessing = 0;
		};
/* End PBXResourcesBuildPhase section */

/* Begin PBXSourcesBuildPhase section */
		49345C1B170F7E3E0033D491 /* Sources */ = {
			isa = PBXSourcesBuildPhase;
			buildActionMask = 2147483647;
			files = (
				49345C2F170F7E3E0033D491 /* main.m in Sources */,
				49345C33170F7E3E0033D491 /* AppDelegate.m in Sources */,
				49345C43170F83890033D491 /* LeftViewController.m in Sources */,
				49345C46170F83FB0033D491 /* RightViewController.m in Sources */,
				49345C49170F84E60033D491 /* Monster.m in Sources */,
				49345C65170F927D0033D491 /* MonsterSelectionDelegate.m in Sources */,
				49FDB37717118F6600861F1F /* ColorPickerViewController.m in Sources */,
			);
			runOnlyForDeploymentPostprocessing = 0;
		};
/* End PBXSourcesBuildPhase section */

/* Begin PBXVariantGroup section */
		49345C2B170F7E3E0033D491 /* InfoPlist.strings */ = {
			isa = PBXVariantGroup;
			children = (
				49345C2C170F7E3E0033D491 /* en */,
			);
			name = InfoPlist.strings;
			sourceTree = "<group>";
		};
/* End PBXVariantGroup section */

/* Begin XCBuildConfiguration section */
		49345C3A170F7E3E0033D491 /* Debug */ = {
			isa = XCBuildConfiguration;
			buildSettings = {
				ALWAYS_SEARCH_USER_PATHS = NO;
				CLANG_CXX_LANGUAGE_STANDARD = "gnu++0x";
				CLANG_CXX_LIBRARY = "libc++";
				CLANG_ENABLE_OBJC_ARC = YES;
				CLANG_WARN_CONSTANT_CONVERSION = YES;
				CLANG_WARN_EMPTY_BODY = YES;
				CLANG_WARN_ENUM_CONVERSION = YES;
				CLANG_WARN_INT_CONVERSION = YES;
				CLANG_WARN__DUPLICATE_METHOD_MATCH = YES;
				"CODE_SIGN_IDENTITY[sdk=iphoneos*]" = "iPhone Developer";
				COPY_PHASE_STRIP = NO;
				GCC_C_LANGUAGE_STANDARD = gnu99;
				GCC_DYNAMIC_NO_PIC = NO;
				GCC_OPTIMIZATION_LEVEL = 0;
				GCC_PREPROCESSOR_DEFINITIONS = (
					"DEBUG=1",
					"$(inherited)",
				);
				GCC_SYMBOLS_PRIVATE_EXTERN = NO;
				GCC_WARN_ABOUT_RETURN_TYPE = YES;
				GCC_WARN_UNINITIALIZED_AUTOS = YES;
				GCC_WARN_UNUSED_VARIABLE = YES;
				IPHONEOS_DEPLOYMENT_TARGET = 6.1;
				ONLY_ACTIVE_ARCH = YES;
				SDKROOT = iphoneos;
				TARGETED_DEVICE_FAMILY = "1,2";
			};
			name = Debug;
		};
		49345C3B170F7E3E0033D491 /* Release */ = {
			isa = XCBuildConfiguration;
			buildSettings = {
				ALWAYS_SEARCH_USER_PATHS = NO;
				CLANG_CXX_LANGUAGE_STANDARD = "gnu++0x";
				CLANG_CXX_LIBRARY = "libc++";
				CLANG_ENABLE_OBJC_ARC = YES;
				CLANG_WARN_CONSTANT_CONVERSION = YES;
				CLANG_WARN_EMPTY_BODY = YES;
				CLANG_WARN_ENUM_CONVERSION = YES;
				CLANG_WARN_INT_CONVERSION = YES;
				CLANG_WARN__DUPLICATE_METHOD_MATCH = YES;
				"CODE_SIGN_IDENTITY[sdk=iphoneos*]" = "iPhone Developer";
				COPY_PHASE_STRIP = YES;
				GCC_C_LANGUAGE_STANDARD = gnu99;
				GCC_WARN_ABOUT_RETURN_TYPE = YES;
				GCC_WARN_UNINITIALIZED_AUTOS = YES;
				GCC_WARN_UNUSED_VARIABLE = YES;
				IPHONEOS_DEPLOYMENT_TARGET = 6.1;
				OTHER_CFLAGS = "-DNS_BLOCK_ASSERTIONS=1";
				SDKROOT = iphoneos;
				TARGETED_DEVICE_FAMILY = "1,2";
				VALIDATE_PRODUCT = YES;
			};
			name = Release;
		};
		49345C3D170F7E3E0033D491 /* Debug */ = {
			isa = XCBuildConfiguration;
			buildSettings = {
				GCC_PRECOMPILE_PREFIX_HEADER = YES;
				GCC_PREFIX_HEADER = "MathMonstersDC/MathMonstersDC-Prefix.pch";
				INFOPLIST_FILE = "MathMonstersDC/MathMonstersDC-Info.plist";
				PRODUCT_NAME = "$(TARGET_NAME)";
				WRAPPER_EXTENSION = app;
			};
			name = Debug;
		};
		49345C3E170F7E3E0033D491 /* Release */ = {
			isa = XCBuildConfiguration;
			buildSettings = {
				GCC_PRECOMPILE_PREFIX_HEADER = YES;
				GCC_PREFIX_HEADER = "MathMonstersDC/MathMonstersDC-Prefix.pch";
				INFOPLIST_FILE = "MathMonstersDC/MathMonstersDC-Info.plist";
				PRODUCT_NAME = "$(TARGET_NAME)";
				WRAPPER_EXTENSION = app;
			};
			name = Release;
		};
/* End XCBuildConfiguration section */

/* Begin XCConfigurationList section */
		49345C1A170F7E3E0033D491 /* Build configuration list for PBXProject "MathMonstersDC" */ = {
			isa = XCConfigurationList;
			buildConfigurations = (
				49345C3A170F7E3E0033D491 /* Debug */,
				49345C3B170F7E3E0033D491 /* Release */,
			);
			defaultConfigurationIsVisible = 0;
			defaultConfigurationName = Release;
		};
		49345C3C170F7E3E0033D491 /* Build configuration list for PBXNativeTarget "MathMonstersDC" */ = {
			isa = XCConfigurationList;
			buildConfigurations = (
				49345C3D170F7E3E0033D491 /* Debug */,
				49345C3E170F7E3E0033D491 /* Release */,
			);
			defaultConfigurationIsVisible = 0;
			defaultConfigurationName = Release;
		};
/* End XCConfigurationList section */
	};
	rootObject = 49345C17170F7E3E0033D491 /* Project object */;
}
