// !$*UTF8*$!
{
	archiveVersion = 1;
	classes = {
	};
	objectVersion = 46;
	objects = {

/* Begin PBXBuildFile section */
		49FA65B816D97C190064800F /* UIKit.framework in Frameworks */ = {isa = PBXBuildFile; fileRef = 49FA65B716D97C190064800F /* UIKit.framework */; };
		49FA65BA16D97C190064800F /* Foundation.framework in Frameworks */ = {isa = PBXBuildFile; fileRef = 49FA65B916D97C190064800F /* Foundation.framework */; };
		49FA65BC16D97C190064800F /* CoreGraphics.framework in Frameworks */ = {isa = PBXBuildFile; fileRef = 49FA65BB16D97C190064800F /* CoreGraphics.framework */; };
		49FA65C216D97C190064800F /* InfoPlist.strings in Resources */ = {isa = PBXBuildFile; fileRef = 49FA65C016D97C190064800F /* InfoPlist.strings */; };
		49FA65C416D97C190064800F /* main.m in Sources */ = {isa = PBXBuildFile; fileRef = 49FA65C316D97C190064800F /* main.m */; };
		49FA65C816D97C190064800F /* AppDelegate.m in Sources */ = {isa = PBXBuildFile; fileRef = 49FA65C716D97C190064800F /* AppDelegate.m */; };
		49FA65CA16D97C1A0064800F /* Default.png in Resources */ = {isa = PBXBuildFile; fileRef = 49FA65C916D97C1A0064800F /* Default.png */; };
		49FA65CC16D97C1A0064800F /* Default@2x.png in Resources */ = {isa = PBXBuildFile; fileRef = 49FA65CB16D97C1A0064800F /* Default@2x.png */; };
		49FA65CE16D97C1A0064800F /* Default-568h@2x.png in Resources */ = {isa = PBXBuildFile; fileRef = 49FA65CD16D97C1A0064800F /* Default-568h@2x.png */; };
		49FA65D116D97C1A0064800F /* MainStoryboard.storyboard in Resources */ = {isa = PBXBuildFile; fileRef = 49FA65CF16D97C1A0064800F /* MainStoryboard.storyboard */; };
		49FA65D416D97C1A0064800F /* ViewController.m in Sources */ = {isa = PBXBuildFile; fileRef = 49FA65D316D97C1A0064800F /* ViewController.m */; };
		49FA65DC16D97ED60064800F /* Tweet.m in Sources */ = {isa = PBXBuildFile; fileRef = 49FA65DB16D97ED60064800F /* Tweet.m */; };
		49FA65DF16D980E30064800F /* XMLParser.m in Sources */ = {isa = PBXBuildFile; fileRef = 49FA65DE16D980E30064800F /* XMLParser.m */; };
		49FA65E216D99DFD0064800F /* Carpark.m in Sources */ = {isa = PBXBuildFile; fileRef = 49FA65E116D99DFD0064800F /* Carpark.m */; };
/* End PBXBuildFile section */

/* Begin PBXFileReference section */
		49FA65B416D97C190064800F /* ParsingXMLTutorial.app */ = {isa = PBXFileReference; explicitFileType = wrapper.application; includeInIndex = 0; path = ParsingXMLTutorial.app; sourceTree = BUILT_PRODUCTS_DIR; };
		49FA65B716D97C190064800F /* UIKit.framework */ = {isa = PBXFileReference; lastKnownFileType = wrapper.framework; name = UIKit.framework; path = System/Library/Frameworks/UIKit.framework; sourceTree = SDKROOT; };
		49FA65B916D97C190064800F /* Foundation.framework */ = {isa = PBXFileReference; lastKnownFileType = wrapper.framework; name = Foundation.framework; path = System/Library/Frameworks/Foundation.framework; sourceTree = SDKROOT; };
		49FA65BB16D97C190064800F /* CoreGraphics.framework */ = {isa = PBXFileReference; lastKnownFileType = wrapper.framework; name = CoreGraphics.framework; path = System/Library/Frameworks/CoreGraphics.framework; sourceTree = SDKROOT; };
		49FA65BF16D97C190064800F /* ParsingXMLTutorial-Info.plist */ = {isa = PBXFileReference; lastKnownFileType = text.plist.xml; path = "ParsingXMLTutorial-Info.plist"; sourceTree = "<group>"; };
		49FA65C116D97C190064800F /* en */ = {isa = PBXFileReference; lastKnownFileType = text.plist.strings; name = en; path = en.lproj/InfoPlist.strings; sourceTree = "<group>"; };
		49FA65C316D97C190064800F /* main.m */ = {isa = PBXFileReference; lastKnownFileType = sourcecode.c.objc; path = main.m; sourceTree = "<group>"; };
		49FA65C516D97C190064800F /* ParsingXMLTutorial-Prefix.pch */ = {isa = PBXFileReference; lastKnownFileType = sourcecode.c.h; path = "ParsingXMLTutorial-Prefix.pch"; sourceTree = "<group>"; };
		49FA65C616D97C190064800F /* AppDelegate.h */ = {isa = PBXFileReference; lastKnownFileType = sourcecode.c.h; path = AppDelegate.h; sourceTree = "<group>"; };
		49FA65C716D97C190064800F /* AppDelegate.m */ = {isa = PBXFileReference; lastKnownFileType = sourcecode.c.objc; path = AppDelegate.m; sourceTree = "<group>"; };
		49FA65C916D97C1A0064800F /* Default.png */ = {isa = PBXFileReference; lastKnownFileType = image.png; path = Default.png; sourceTree = "<group>"; };
		49FA65CB16D97C1A0064800F /* Default@2x.png */ = {isa = PBXFileReference; lastKnownFileType = image.png; path = "Default@2x.png"; sourceTree = "<group>"; };
		49FA65CD16D97C1A0064800F /* Default-568h@2x.png */ = {isa = PBXFileReference; lastKnownFileType = image.png; path = "Default-568h@2x.png"; sourceTree = "<group>"; };
		49FA65D016D97C1A0064800F /* en */ = {isa = PBXFileReference; lastKnownFileType = file.storyboard; name = en; path = en.lproj/MainStoryboard.storyboard; sourceTree = "<group>"; };
		49FA65D216D97C1A0064800F /* ViewController.h */ = {isa = PBXFileReference; lastKnownFileType = sourcecode.c.h; path = ViewController.h; sourceTree = "<group>"; };
		49FA65D316D97C1A0064800F /* ViewController.m */ = {isa = PBXFileReference; lastKnownFileType = sourcecode.c.objc; path = ViewController.m; sourceTree = "<group>"; };
		49FA65DA16D97ED60064800F /* Tweet.h */ = {isa = PBXFileReference; fileEncoding = 4; lastKnownFileType = sourcecode.c.h; path = Tweet.h; sourceTree = "<group>"; };
		49FA65DB16D97ED60064800F /* Tweet.m */ = {isa = PBXFileReference; fileEncoding = 4; lastKnownFileType = sourcecode.c.objc; path = Tweet.m; sourceTree = "<group>"; };
		49FA65DD16D980E30064800F /* XMLParser.h */ = {isa = PBXFileReference; fileEncoding = 4; lastKnownFileType = sourcecode.c.h; path = XMLParser.h; sourceTree = "<group>"; };
		49FA65DE16D980E30064800F /* XMLParser.m */ = {isa = PBXFileReference; fileEncoding = 4; lastKnownFileType = sourcecode.c.objc; path = XMLParser.m; sourceTree = "<group>"; };
		49FA65E016D99DFD0064800F /* Carpark.h */ = {isa = PBXFileReference; fileEncoding = 4; lastKnownFileType = sourcecode.c.h; path = Carpark.h; sourceTree = "<group>"; };
		49FA65E116D99DFD0064800F /* Carpark.m */ = {isa = PBXFileReference; fileEncoding = 4; lastKnownFileType = sourcecode.c.objc; path = Carpark.m; sourceTree = "<group>"; };
/* End PBXFileReference section */

/* Begin PBXFrameworksBuildPhase section */
		49FA65B116D97C190064800F /* Frameworks */ = {
			isa = PBXFrameworksBuildPhase;
			buildActionMask = 2147483647;
			files = (
				49FA65B816D97C190064800F /* UIKit.framework in Frameworks */,
				49FA65BA16D97C190064800F /* Foundation.framework in Frameworks */,
				49FA65BC16D97C190064800F /* CoreGraphics.framework in Frameworks */,
			);
			runOnlyForDeploymentPostprocessing = 0;
		};
/* End PBXFrameworksBuildPhase section */

/* Begin PBXGroup section */
		49FA65AB16D97C190064800F = {
			isa = PBXGroup;
			children = (
				49FA65BD16D97C190064800F /* ParsingXMLTutorial */,
				49FA65B616D97C190064800F /* Frameworks */,
				49FA65B516D97C190064800F /* Products */,
			);
			sourceTree = "<group>";
		};
		49FA65B516D97C190064800F /* Products */ = {
			isa = PBXGroup;
			children = (
				49FA65B416D97C190064800F /* ParsingXMLTutorial.app */,
			);
			name = Products;
			sourceTree = "<group>";
		};
		49FA65B616D97C190064800F /* Frameworks */ = {
			isa = PBXGroup;
			children = (
				49FA65B716D97C190064800F /* UIKit.framework */,
				49FA65B916D97C190064800F /* Foundation.framework */,
				49FA65BB16D97C190064800F /* CoreGraphics.framework */,
			);
			name = Frameworks;
			sourceTree = "<group>";
		};
		49FA65BD16D97C190064800F /* ParsingXMLTutorial */ = {
			isa = PBXGroup;
			children = (
				49FA65C616D97C190064800F /* AppDelegate.h */,
				49FA65C716D97C190064800F /* AppDelegate.m */,
				49FA65CF16D97C1A0064800F /* MainStoryboard.storyboard */,
				49FA65DA16D97ED60064800F /* Tweet.h */,
				49FA65DB16D97ED60064800F /* Tweet.m */,
				49FA65DD16D980E30064800F /* XMLParser.h */,
				49FA65DE16D980E30064800F /* XMLParser.m */,
				49FA65D216D97C1A0064800F /* ViewController.h */,
				49FA65D316D97C1A0064800F /* ViewController.m */,
				49FA65E016D99DFD0064800F /* Carpark.h */,
				49FA65E116D99DFD0064800F /* Carpark.m */,
				49FA65BE16D97C190064800F /* Supporting Files */,
			);
			path = ParsingXMLTutorial;
			sourceTree = "<group>";
		};
		49FA65BE16D97C190064800F /* Supporting Files */ = {
			isa = PBXGroup;
			children = (
				49FA65BF16D97C190064800F /* ParsingXMLTutorial-Info.plist */,
				49FA65C016D97C190064800F /* InfoPlist.strings */,
				49FA65C316D97C190064800F /* main.m */,
				49FA65C516D97C190064800F /* ParsingXMLTutorial-Prefix.pch */,
				49FA65C916D97C1A0064800F /* Default.png */,
				49FA65CB16D97C1A0064800F /* Default@2x.png */,
				49FA65CD16D97C1A0064800F /* Default-568h@2x.png */,
			);
			name = "Supporting Files";
			sourceTree = "<group>";
		};
/* End PBXGroup section */

/* Begin PBXNativeTarget section */
		49FA65B316D97C190064800F /* ParsingXMLTutorial */ = {
			isa = PBXNativeTarget;
			buildConfigurationList = 49FA65D716D97C1A0064800F /* Build configuration list for PBXNativeTarget "ParsingXMLTutorial" */;
			buildPhases = (
				49FA65B016D97C190064800F /* Sources */,
				49FA65B116D97C190064800F /* Frameworks */,
				49FA65B216D97C190064800F /* Resources */,
			);
			buildRules = (
			);
			dependencies = (
			);
			name = ParsingXMLTutorial;
			productName = ParsingXMLTutorial;
			productReference = 49FA65B416D97C190064800F /* ParsingXMLTutorial.app */;
			productType = "com.apple.product-type.application";
		};
/* End PBXNativeTarget section */

/* Begin PBXProject section */
		49FA65AC16D97C190064800F /* Project object */ = {
			isa = PBXProject;
			attributes = {
				LastUpgradeCheck = 0460;
				ORGANIZATIONNAME = dcdevstudios;
			};
			buildConfigurationList = 49FA65AF16D97C190064800F /* Build configuration list for PBXProject "ParsingXMLTutorial" */;
			compatibilityVersion = "Xcode 3.2";
			developmentRegion = English;
			hasScannedForEncodings = 0;
			knownRegions = (
				en,
			);
			mainGroup = 49FA65AB16D97C190064800F;
			productRefGroup = 49FA65B516D97C190064800F /* Products */;
			projectDirPath = "";
			projectRoot = "";
			targets = (
				49FA65B316D97C190064800F /* ParsingXMLTutorial */,
			);
		};
/* End PBXProject section */

/* Begin PBXResourcesBuildPhase section */
		49FA65B216D97C190064800F /* Resources */ = {
			isa = PBXResourcesBuildPhase;
			buildActionMask = 2147483647;
			files = (
				49FA65C216D97C190064800F /* InfoPlist.strings in Resources */,
				49FA65CA16D97C1A0064800F /* Default.png in Resources */,
				49FA65CC16D97C1A0064800F /* Default@2x.png in Resources */,
				49FA65CE16D97C1A0064800F /* Default-568h@2x.png in Resources */,
				49FA65D116D97C1A0064800F /* MainStoryboard.storyboard in Resources */,
			);
			runOnlyForDeploymentPostprocessing = 0;
		};
/* End PBXResourcesBuildPhase section */

/* Begin PBXSourcesBuildPhase section */
		49FA65B016D97C190064800F /* Sources */ = {
			isa = PBXSourcesBuildPhase;
			buildActionMask = 2147483647;
			files = (
				49FA65C416D97C190064800F /* main.m in Sources */,
				49FA65C816D97C190064800F /* AppDelegate.m in Sources */,
				49FA65D416D97C1A0064800F /* ViewController.m in Sources */,
				49FA65DC16D97ED60064800F /* Tweet.m in Sources */,
				49FA65DF16D980E30064800F /* XMLParser.m in Sources */,
				49FA65E216D99DFD0064800F /* Carpark.m in Sources */,
			);
			runOnlyForDeploymentPostprocessing = 0;
		};
/* End PBXSourcesBuildPhase section */

/* Begin PBXVariantGroup section */
		49FA65C016D97C190064800F /* InfoPlist.strings */ = {
			isa = PBXVariantGroup;
			children = (
				49FA65C116D97C190064800F /* en */,
			);
			name = InfoPlist.strings;
			sourceTree = "<group>";
		};
		49FA65CF16D97C1A0064800F /* MainStoryboard.storyboard */ = {
			isa = PBXVariantGroup;
			children = (
				49FA65D016D97C1A0064800F /* en */,
			);
			name = MainStoryboard.storyboard;
			sourceTree = "<group>";
		};
/* End PBXVariantGroup section */

/* Begin XCBuildConfiguration section */
		49FA65D516D97C1A0064800F /* Debug */ = {
			isa = XCBuildConfiguration;
			buildSettings = {
				ALWAYS_SEARCH_USER_PATHS = NO;
				CLANG_CXX_LANGUAGE_STANDARD = "gnu++0x";
				CLANG_CXX_LIBRARY = "libc++";
				CLANG_ENABLE_OBJC_ARC = YES;
				CLANG_WARN_CONSTANT_CONVERSION = YES;
				CLANG_WARN_EMPTY_BODY = YES;
				CLANG_WARN_ENUM_CONVERSION = YES;
				CLANG_WARN_INT_CONVERSION = YES;
				CLANG_WARN__DUPLICATE_METHOD_MATCH = YES;
				"CODE_SIGN_IDENTITY[sdk=iphoneos*]" = "iPhone Developer";
				COPY_PHASE_STRIP = NO;
				GCC_C_LANGUAGE_STANDARD = gnu99;
				GCC_DYNAMIC_NO_PIC = NO;
				GCC_OPTIMIZATION_LEVEL = 0;
				GCC_PREPROCESSOR_DEFINITIONS = (
					"DEBUG=1",
					"$(inherited)",
				);
				GCC_SYMBOLS_PRIVATE_EXTERN = NO;
				GCC_WARN_ABOUT_RETURN_TYPE = YES;
				GCC_WARN_UNINITIALIZED_AUTOS = YES;
				GCC_WARN_UNUSED_VARIABLE = YES;
				IPHONEOS_DEPLOYMENT_TARGET = 6.1;
				ONLY_ACTIVE_ARCH = YES;
				SDKROOT = iphoneos;
			};
			name = Debug;
		};
		49FA65D616D97C1A0064800F /* Release */ = {
			isa = XCBuildConfiguration;
			buildSettings = {
				ALWAYS_SEARCH_USER_PATHS = NO;
				CLANG_CXX_LANGUAGE_STANDARD = "gnu++0x";
				CLANG_CXX_LIBRARY = "libc++";
				CLANG_ENABLE_OBJC_ARC = YES;
				CLANG_WARN_CONSTANT_CONVERSION = YES;
				CLANG_WARN_EMPTY_BODY = YES;
				CLANG_WARN_ENUM_CONVERSION = YES;
				CLANG_WARN_INT_CONVERSION = YES;
				CLANG_WARN__DUPLICATE_METHOD_MATCH = YES;
				"CODE_SIGN_IDENTITY[sdk=iphoneos*]" = "iPhone Developer";
				COPY_PHASE_STRIP = YES;
				GCC_C_LANGUAGE_STANDARD = gnu99;
				GCC_WARN_ABOUT_RETURN_TYPE = YES;
				GCC_WARN_UNINITIALIZED_AUTOS = YES;
				GCC_WARN_UNUSED_VARIABLE = YES;
				IPHONEOS_DEPLOYMENT_TARGET = 6.1;
				OTHER_CFLAGS = "-DNS_BLOCK_ASSERTIONS=1";
				SDKROOT = iphoneos;
				VALIDATE_PRODUCT = YES;
			};
			name = Release;
		};
		49FA65D816D97C1A0064800F /* Debug */ = {
			isa = XCBuildConfiguration;
			buildSettings = {
				GCC_PRECOMPILE_PREFIX_HEADER = YES;
				GCC_PREFIX_HEADER = "ParsingXMLTutorial/ParsingXMLTutorial-Prefix.pch";
				INFOPLIST_FILE = "ParsingXMLTutorial/ParsingXMLTutorial-Info.plist";
				PRODUCT_NAME = "$(TARGET_NAME)";
				WRAPPER_EXTENSION = app;
			};
			name = Debug;
		};
		49FA65D916D97C1A0064800F /* Release */ = {
			isa = XCBuildConfiguration;
			buildSettings = {
				GCC_PRECOMPILE_PREFIX_HEADER = YES;
				GCC_PREFIX_HEADER = "ParsingXMLTutorial/ParsingXMLTutorial-Prefix.pch";
				INFOPLIST_FILE = "ParsingXMLTutorial/ParsingXMLTutorial-Info.plist";
				PRODUCT_NAME = "$(TARGET_NAME)";
				WRAPPER_EXTENSION = app;
			};
			name = Release;
		};
/* End XCBuildConfiguration section */

/* Begin XCConfigurationList section */
		49FA65AF16D97C190064800F /* Build configuration list for PBXProject "ParsingXMLTutorial" */ = {
			isa = XCConfigurationList;
			buildConfigurations = (
				49FA65D516D97C1A0064800F /* Debug */,
				49FA65D616D97C1A0064800F /* Release */,
			);
			defaultConfigurationIsVisible = 0;
			defaultConfigurationName = Release;
		};
		49FA65D716D97C1A0064800F /* Build configuration list for PBXNativeTarget "ParsingXMLTutorial" */ = {
			isa = XCConfigurationList;
			buildConfigurations = (
				49FA65D816D97C1A0064800F /* Debug */,
				49FA65D916D97C1A0064800F /* Release */,
			);
			defaultConfigurationIsVisible = 0;
		};
/* End XCConfigurationList section */
	};
	rootObject = 49FA65AC16D97C190064800F /* Project object */;
}
